// !$*UTF8*$!
{
	archiveVersion = 1;
	classes = {
	};
	objectVersion = 50;
	objects = {

/* Begin PBXBuildFile section */
		696D20B0E688DA21D84899CC /* Pods_flixTests.framework in Frameworks */ = {isa = PBXBuildFile; fileRef = 82F175C4D92A70ABD6FD54B5 /* Pods_flixTests.framework */; };
		73E0D5EE598B18FB5D88DA7D /* Pods_flix.framework in Frameworks */ = {isa = PBXBuildFile; fileRef = BC2CFC7D2BECB09582B0252F /* Pods_flix.framework */; };
		BA2C049722193971007ACE86 /* MoviesViewController.swift in Sources */ = {isa = PBXBuildFile; fileRef = BA2C049622193971007ACE86 /* MoviesViewController.swift */; };
		BA2C049922193F88007ACE86 /* MovieTableViewCell.swift in Sources */ = {isa = PBXBuildFile; fileRef = BA2C049822193F88007ACE86 /* MovieTableViewCell.swift */; };
		BA45201E2214BAE5007CE816 /* AppDelegate.swift in Sources */ = {isa = PBXBuildFile; fileRef = BA45201D2214BAE5007CE816 /* AppDelegate.swift */; };
		BA4520232214BAE5007CE816 /* Main.storyboard in Resources */ = {isa = PBXBuildFile; fileRef = BA4520212214BAE5007CE816 /* Main.storyboard */; };
		BA4520252214BAE8007CE816 /* Assets.xcassets in Resources */ = {isa = PBXBuildFile; fileRef = BA4520242214BAE8007CE816 /* Assets.xcassets */; };
		BA4520282214BAE8007CE816 /* LaunchScreen.storyboard in Resources */ = {isa = PBXBuildFile; fileRef = BA4520262214BAE8007CE816 /* LaunchScreen.storyboard */; };
		BA4520332214BAE8007CE816 /* flixTests.swift in Sources */ = {isa = PBXBuildFile; fileRef = BA4520322214BAE8007CE816 /* flixTests.swift */; };
		BA45203E2214BAE8007CE816 /* flixUITests.swift in Sources */ = {isa = PBXBuildFile; fileRef = BA45203D2214BAE8007CE816 /* flixUITests.swift */; };
		BA85677D2223ABBD005B6261 /* MovieGridViewController.swift in Sources */ = {isa = PBXBuildFile; fileRef = BA85677C2223ABBD005B6261 /* MovieGridViewController.swift */; };
		BA85677F2223B1EE005B6261 /* MovieGridCell.swift in Sources */ = {isa = PBXBuildFile; fileRef = BA85677E2223B1EE005B6261 /* MovieGridCell.swift */; };
		BABE1067221CF8310032445D /* MovieDetailsViewController.swift in Sources */ = {isa = PBXBuildFile; fileRef = BABE1066221CF8310032445D /* MovieDetailsViewController.swift */; };
		E457EEB290F98C5C95FE9616 /* Pods_flixUITests.framework in Frameworks */ = {isa = PBXBuildFile; fileRef = 9315C3B5AA8DE97AE9D232D2 /* Pods_flixUITests.framework */; };
/* End PBXBuildFile section */

/* Begin PBXContainerItemProxy section */
		BA45202F2214BAE8007CE816 /* PBXContainerItemProxy */ = {
			isa = PBXContainerItemProxy;
			containerPortal = BA4520122214BAE5007CE816 /* Project object */;
			proxyType = 1;
			remoteGlobalIDString = BA4520192214BAE5007CE816;
			remoteInfo = flix;
		};
		BA45203A2214BAE8007CE816 /* PBXContainerItemProxy */ = {
			isa = PBXContainerItemProxy;
			containerPortal = BA4520122214BAE5007CE816 /* Project object */;
			proxyType = 1;
			remoteGlobalIDString = BA4520192214BAE5007CE816;
			remoteInfo = flix;
		};
/* End PBXContainerItemProxy section */

/* Begin PBXFileReference section */
		21C4C78EA1BA0A63B7DC7920 /* Pods-flixUITests.debug.xcconfig */ = {isa = PBXFileReference; includeInIndex = 1; lastKnownFileType = text.xcconfig; name = "Pods-flixUITests.debug.xcconfig"; path = "Target Support Files/Pods-flixUITests/Pods-flixUITests.debug.xcconfig"; sourceTree = "<group>"; };
		2F8177E197D65A809F596E08 /* Pods-flixTests.release.xcconfig */ = {isa = PBXFileReference; includeInIndex = 1; lastKnownFileType = text.xcconfig; name = "Pods-flixTests.release.xcconfig"; path = "Target Support Files/Pods-flixTests/Pods-flixTests.release.xcconfig"; sourceTree = "<group>"; };
		56B95FE9C963AE770E381580 /* Pods-flixTests.debug.xcconfig */ = {isa = PBXFileReference; includeInIndex = 1; lastKnownFileType = text.xcconfig; name = "Pods-flixTests.debug.xcconfig"; path = "Target Support Files/Pods-flixTests/Pods-flixTests.debug.xcconfig"; sourceTree = "<group>"; };
		5AA13BF0BA92D3F8A57A316B /* Pods-flixUITests.release.xcconfig */ = {isa = PBXFileReference; includeInIndex = 1; lastKnownFileType = text.xcconfig; name = "Pods-flixUITests.release.xcconfig"; path = "Target Support Files/Pods-flixUITests/Pods-flixUITests.release.xcconfig"; sourceTree = "<group>"; };
		82F175C4D92A70ABD6FD54B5 /* Pods_flixTests.framework */ = {isa = PBXFileReference; explicitFileType = wrapper.framework; includeInIndex = 0; path = Pods_flixTests.framework; sourceTree = BUILT_PRODUCTS_DIR; };
		8A58D4D6747B6D6CCB4F34FD /* Pods-flix.release.xcconfig */ = {isa = PBXFileReference; includeInIndex = 1; lastKnownFileType = text.xcconfig; name = "Pods-flix.release.xcconfig"; path = "Target Support Files/Pods-flix/Pods-flix.release.xcconfig"; sourceTree = "<group>"; };
		9315C3B5AA8DE97AE9D232D2 /* Pods_flixUITests.framework */ = {isa = PBXFileReference; explicitFileType = wrapper.framework; includeInIndex = 0; path = Pods_flixUITests.framework; sourceTree = BUILT_PRODUCTS_DIR; };
		BA2C049622193971007ACE86 /* MoviesViewController.swift */ = {isa = PBXFileReference; lastKnownFileType = sourcecode.swift; path = MoviesViewController.swift; sourceTree = "<group>"; };
		BA2C049822193F88007ACE86 /* MovieTableViewCell.swift */ = {isa = PBXFileReference; lastKnownFileType = sourcecode.swift; path = MovieTableViewCell.swift; sourceTree = "<group>"; };
		BA45201A2214BAE5007CE816 /* flix.app */ = {isa = PBXFileReference; explicitFileType = wrapper.application; includeInIndex = 0; path = flix.app; sourceTree = BUILT_PRODUCTS_DIR; };
		BA45201D2214BAE5007CE816 /* AppDelegate.swift */ = {isa = PBXFileReference; lastKnownFileType = sourcecode.swift; path = AppDelegate.swift; sourceTree = "<group>"; };
		BA4520222214BAE5007CE816 /* Base */ = {isa = PBXFileReference; lastKnownFileType = file.storyboard; name = Base; path = Base.lproj/Main.storyboard; sourceTree = "<group>"; };
		BA4520242214BAE8007CE816 /* Assets.xcassets */ = {isa = PBXFileReference; lastKnownFileType = folder.assetcatalog; path = Assets.xcassets; sourceTree = "<group>"; };
		BA4520272214BAE8007CE816 /* Base */ = {isa = PBXFileReference; lastKnownFileType = file.storyboard; name = Base; path = Base.lproj/LaunchScreen.storyboard; sourceTree = "<group>"; };
		BA4520292214BAE8007CE816 /* Info.plist */ = {isa = PBXFileReference; lastKnownFileType = text.plist.xml; path = Info.plist; sourceTree = "<group>"; };
		BA45202E2214BAE8007CE816 /* flixTests.xctest */ = {isa = PBXFileReference; explicitFileType = wrapper.cfbundle; includeInIndex = 0; path = flixTests.xctest; sourceTree = BUILT_PRODUCTS_DIR; };
		BA4520322214BAE8007CE816 /* flixTests.swift */ = {isa = PBXFileReference; lastKnownFileType = sourcecode.swift; path = flixTests.swift; sourceTree = "<group>"; };
		BA4520342214BAE8007CE816 /* Info.plist */ = {isa = PBXFileReference; lastKnownFileType = text.plist.xml; path = Info.plist; sourceTree = "<group>"; };
		BA4520392214BAE8007CE816 /* flixUITests.xctest */ = {isa = PBXFileReference; explicitFileType = wrapper.cfbundle; includeInIndex = 0; path = flixUITests.xctest; sourceTree = BUILT_PRODUCTS_DIR; };
		BA45203D2214BAE8007CE816 /* flixUITests.swift */ = {isa = PBXFileReference; lastKnownFileType = sourcecode.swift; path = flixUITests.swift; sourceTree = "<group>"; };
		BA45203F2214BAE8007CE816 /* Info.plist */ = {isa = PBXFileReference; lastKnownFileType = text.plist.xml; path = Info.plist; sourceTree = "<group>"; };
		BA85677C2223ABBD005B6261 /* MovieGridViewController.swift */ = {isa = PBXFileReference; lastKnownFileType = sourcecode.swift; path = MovieGridViewController.swift; sourceTree = "<group>"; };
		BA85677E2223B1EE005B6261 /* MovieGridCell.swift */ = {isa = PBXFileReference; lastKnownFileType = sourcecode.swift; path = MovieGridCell.swift; sourceTree = "<group>"; };
		BABE1066221CF8310032445D /* MovieDetailsViewController.swift */ = {isa = PBXFileReference; lastKnownFileType = sourcecode.swift; path = MovieDetailsViewController.swift; sourceTree = "<group>"; };
		BC2CFC7D2BECB09582B0252F /* Pods_flix.framework */ = {isa = PBXFileReference; explicitFileType = wrapper.framework; includeInIndex = 0; path = Pods_flix.framework; sourceTree = BUILT_PRODUCTS_DIR; };
		FE81592BA982A85603543BB4 /* Pods-flix.debug.xcconfig */ = {isa = PBXFileReference; includeInIndex = 1; lastKnownFileType = text.xcconfig; name = "Pods-flix.debug.xcconfig"; path = "Target Support Files/Pods-flix/Pods-flix.debug.xcconfig"; sourceTree = "<group>"; };
/* End PBXFileReference section */

/* Begin PBXFrameworksBuildPhase section */
		BA4520172214BAE5007CE816 /* Frameworks */ = {
			isa = PBXFrameworksBuildPhase;
			buildActionMask = 2147483647;
			files = (
				73E0D5EE598B18FB5D88DA7D /* Pods_flix.framework in Frameworks */,
			);
			runOnlyForDeploymentPostprocessing = 0;
		};
		BA45202B2214BAE8007CE816 /* Frameworks */ = {
			isa = PBXFrameworksBuildPhase;
			buildActionMask = 2147483647;
			files = (
				696D20B0E688DA21D84899CC /* Pods_flixTests.framework in Frameworks */,
			);
			runOnlyForDeploymentPostprocessing = 0;
		};
		BA4520362214BAE8007CE816 /* Frameworks */ = {
			isa = PBXFrameworksBuildPhase;
			buildActionMask = 2147483647;
			files = (
				E457EEB290F98C5C95FE9616 /* Pods_flixUITests.framework in Frameworks */,
			);
			runOnlyForDeploymentPostprocessing = 0;
		};
/* End PBXFrameworksBuildPhase section */

/* Begin PBXGroup section */
		8B0D55BE0B1F70CDA374CD11 /* Frameworks */ = {
			isa = PBXGroup;
			children = (
				BC2CFC7D2BECB09582B0252F /* Pods_flix.framework */,
				82F175C4D92A70ABD6FD54B5 /* Pods_flixTests.framework */,
				9315C3B5AA8DE97AE9D232D2 /* Pods_flixUITests.framework */,
			);
			name = Frameworks;
			sourceTree = "<group>";
		};
		9619B6CEDDCCFDC2DBE1B0AD /* Pods */ = {
			isa = PBXGroup;
			children = (
				FE81592BA982A85603543BB4 /* Pods-flix.debug.xcconfig */,
				8A58D4D6747B6D6CCB4F34FD /* Pods-flix.release.xcconfig */,
				56B95FE9C963AE770E381580 /* Pods-flixTests.debug.xcconfig */,
				2F8177E197D65A809F596E08 /* Pods-flixTests.release.xcconfig */,
				21C4C78EA1BA0A63B7DC7920 /* Pods-flixUITests.debug.xcconfig */,
				5AA13BF0BA92D3F8A57A316B /* Pods-flixUITests.release.xcconfig */,
			);
			path = Pods;
			sourceTree = "<group>";
		};
		BA4520112214BAE5007CE816 = {
			isa = PBXGroup;
			children = (
				BA45201C2214BAE5007CE816 /* flix */,
				BA4520312214BAE8007CE816 /* flixTests */,
				BA45203C2214BAE8007CE816 /* flixUITests */,
				BA45201B2214BAE5007CE816 /* Products */,
				9619B6CEDDCCFDC2DBE1B0AD /* Pods */,
				8B0D55BE0B1F70CDA374CD11 /* Frameworks */,
			);
			sourceTree = "<group>";
		};
		BA45201B2214BAE5007CE816 /* Products */ = {
			isa = PBXGroup;
			children = (
				BA45201A2214BAE5007CE816 /* flix.app */,
				BA45202E2214BAE8007CE816 /* flixTests.xctest */,
				BA4520392214BAE8007CE816 /* flixUITests.xctest */,
			);
			name = Products;
			sourceTree = "<group>";
		};
		BA45201C2214BAE5007CE816 /* flix */ = {
			isa = PBXGroup;
			children = (
				BA45201D2214BAE5007CE816 /* AppDelegate.swift */,
				BA4520212214BAE5007CE816 /* Main.storyboard */,
				BA4520242214BAE8007CE816 /* Assets.xcassets */,
				BA4520262214BAE8007CE816 /* LaunchScreen.storyboard */,
				BA4520292214BAE8007CE816 /* Info.plist */,
				BA2C049622193971007ACE86 /* MoviesViewController.swift */,
				BA2C049822193F88007ACE86 /* MovieTableViewCell.swift */,
				BABE1066221CF8310032445D /* MovieDetailsViewController.swift */,
				BA85677C2223ABBD005B6261 /* MovieGridViewController.swift */,
				BA85677E2223B1EE005B6261 /* MovieGridCell.swift */,
			);
			path = flix;
			sourceTree = "<group>";
		};
		BA4520312214BAE8007CE816 /* flixTests */ = {
			isa = PBXGroup;
			children = (
				BA4520322214BAE8007CE816 /* flixTests.swift */,
				BA4520342214BAE8007CE816 /* Info.plist */,
			);
			path = flixTests;
			sourceTree = "<group>";
		};
		BA45203C2214BAE8007CE816 /* flixUITests */ = {
			isa = PBXGroup;
			children = (
				BA45203D2214BAE8007CE816 /* flixUITests.swift */,
				BA45203F2214BAE8007CE816 /* Info.plist */,
			);
			path = flixUITests;
			sourceTree = "<group>";
		};
/* End PBXGroup section */

/* Begin PBXNativeTarget section */
		BA4520192214BAE5007CE816 /* flix */ = {
			isa = PBXNativeTarget;
			buildConfigurationList = BA4520422214BAE9007CE816 /* Build configuration list for PBXNativeTarget "flix" */;
			buildPhases = (
				389BA3F91BE4CEBFADA501A4 /* [CP] Check Pods Manifest.lock */,
				BA4520162214BAE5007CE816 /* Sources */,
				BA4520172214BAE5007CE816 /* Frameworks */,
				BA4520182214BAE5007CE816 /* Resources */,
				0F59FBA16A21817106B63235 /* [CP] Embed Pods Frameworks */,
			);
			buildRules = (
			);
			dependencies = (
			);
			name = flix;
			productName = flix;
			productReference = BA45201A2214BAE5007CE816 /* flix.app */;
			productType = "com.apple.product-type.application";
		};
		BA45202D2214BAE8007CE816 /* flixTests */ = {
			isa = PBXNativeTarget;
			buildConfigurationList = BA4520452214BAE9007CE816 /* Build configuration list for PBXNativeTarget "flixTests" */;
			buildPhases = (
				F7C913A7E8A0F3FD6A031B56 /* [CP] Check Pods Manifest.lock */,
				BA45202A2214BAE8007CE816 /* Sources */,
				BA45202B2214BAE8007CE816 /* Frameworks */,
				BA45202C2214BAE8007CE816 /* Resources */,
			);
			buildRules = (
			);
			dependencies = (
				BA4520302214BAE8007CE816 /* PBXTargetDependency */,
			);
			name = flixTests;
			productName = flixTests;
			productReference = BA45202E2214BAE8007CE816 /* flixTests.xctest */;
			productType = "com.apple.product-type.bundle.unit-test";
		};
		BA4520382214BAE8007CE816 /* flixUITests */ = {
			isa = PBXNativeTarget;
			buildConfigurationList = BA4520482214BAE9007CE816 /* Build configuration list for PBXNativeTarget "flixUITests" */;
			buildPhases = (
				066D0CE440A753015A47A5AE /* [CP] Check Pods Manifest.lock */,
				BA4520352214BAE8007CE816 /* Sources */,
				BA4520362214BAE8007CE816 /* Frameworks */,
				BA4520372214BAE8007CE816 /* Resources */,
			);
			buildRules = (
			);
			dependencies = (
				BA45203B2214BAE8007CE816 /* PBXTargetDependency */,
			);
			name = flixUITests;
			productName = flixUITests;
			productReference = BA4520392214BAE8007CE816 /* flixUITests.xctest */;
			productType = "com.apple.product-type.bundle.ui-testing";
		};
/* End PBXNativeTarget section */

/* Begin PBXProject section */
		BA4520122214BAE5007CE816 /* Project object */ = {
			isa = PBXProject;
			attributes = {
				LastSwiftUpdateCheck = 1010;
				LastUpgradeCheck = 1010;
				ORGANIZATIONNAME = debbienvo;
				TargetAttributes = {
					BA4520192214BAE5007CE816 = {
						CreatedOnToolsVersion = 10.1;
					};
					BA45202D2214BAE8007CE816 = {
						CreatedOnToolsVersion = 10.1;
						TestTargetID = BA4520192214BAE5007CE816;
					};
					BA4520382214BAE8007CE816 = {
						CreatedOnToolsVersion = 10.1;
						TestTargetID = BA4520192214BAE5007CE816;
					};
				};
			};
			buildConfigurationList = BA4520152214BAE5007CE816 /* Build configuration list for PBXProject "flix" */;
			compatibilityVersion = "Xcode 9.3";
			developmentRegion = en;
			hasScannedForEncodings = 0;
			knownRegions = (
				en,
				Base,
			);
			mainGroup = BA4520112214BAE5007CE816;
			productRefGroup = BA45201B2214BAE5007CE816 /* Products */;
			projectDirPath = "";
			projectRoot = "";
			targets = (
				BA4520192214BAE5007CE816 /* flix */,
				BA45202D2214BAE8007CE816 /* flixTests */,
				BA4520382214BAE8007CE816 /* flixUITests */,
			);
		};
/* End PBXProject section */

/* Begin PBXResourcesBuildPhase section */
		BA4520182214BAE5007CE816 /* Resources */ = {
			isa = PBXResourcesBuildPhase;
			buildActionMask = 2147483647;
			files = (
				BA4520282214BAE8007CE816 /* LaunchScreen.storyboard in Resources */,
				BA4520252214BAE8007CE816 /* Assets.xcassets in Resources */,
				BA4520232214BAE5007CE816 /* Main.storyboard in Resources */,
			);
			runOnlyForDeploymentPostprocessing = 0;
		};
		BA45202C2214BAE8007CE816 /* Resources */ = {
			isa = PBXResourcesBuildPhase;
			buildActionMask = 2147483647;
			files = (
			);
			runOnlyForDeploymentPostprocessing = 0;
		};
		BA4520372214BAE8007CE816 /* Resources */ = {
			isa = PBXResourcesBuildPhase;
			buildActionMask = 2147483647;
			files = (
			);
			runOnlyForDeploymentPostprocessing = 0;
		};
/* End PBXResourcesBuildPhase section */

/* Begin PBXShellScriptBuildPhase section */
		066D0CE440A753015A47A5AE /* [CP] Check Pods Manifest.lock */ = {
			isa = PBXShellScriptBuildPhase;
			buildActionMask = 2147483647;
			files = (
			);
			inputFileListPaths = (
			);
			inputPaths = (
				"${PODS_PODFILE_DIR_PATH}/Podfile.lock",
				"${PODS_ROOT}/Manifest.lock",
			);
			name = "[CP] Check Pods Manifest.lock";
			outputFileListPaths = (
			);
			outputPaths = (
				"$(DERIVED_FILE_DIR)/Pods-flixUITests-checkManifestLockResult.txt",
			);
			runOnlyForDeploymentPostprocessing = 0;
			shellPath = /bin/sh;
			shellScript = "diff \"${PODS_PODFILE_DIR_PATH}/Podfile.lock\" \"${PODS_ROOT}/Manifest.lock\" > /dev/null\nif [ $? != 0 ] ; then\n    # print error to STDERR\n    echo \"error: The sandbox is not in sync with the Podfile.lock. Run 'pod install' or update your CocoaPods installation.\" >&2\n    exit 1\nfi\n# This output is used by Xcode 'outputs' to avoid re-running this script phase.\necho \"SUCCESS\" > \"${SCRIPT_OUTPUT_FILE_0}\"\n";
			showEnvVarsInLog = 0;
		};
		0F59FBA16A21817106B63235 /* [CP] Embed Pods Frameworks */ = {
			isa = PBXShellScriptBuildPhase;
			buildActionMask = 2147483647;
			files = (
			);
			inputFileListPaths = (
			);
			inputPaths = (
				"${PODS_ROOT}/Target Support Files/Pods-flix/Pods-flix-frameworks.sh",
				"${BUILT_PRODUCTS_DIR}/Alamofire/Alamofire.framework",
				"${BUILT_PRODUCTS_DIR}/AlamofireImage/AlamofireImage.framework",
			);
			name = "[CP] Embed Pods Frameworks";
			outputFileListPaths = (
			);
			outputPaths = (
				"${TARGET_BUILD_DIR}/${FRAMEWORKS_FOLDER_PATH}/Alamofire.framework",
				"${TARGET_BUILD_DIR}/${FRAMEWORKS_FOLDER_PATH}/AlamofireImage.framework",
			);
			runOnlyForDeploymentPostprocessing = 0;
			shellPath = /bin/sh;
			shellScript = "\"${PODS_ROOT}/Target Support Files/Pods-flix/Pods-flix-frameworks.sh\"\n";
			showEnvVarsInLog = 0;
		};
		389BA3F91BE4CEBFADA501A4 /* [CP] Check Pods Manifest.lock */ = {
			isa = PBXShellScriptBuildPhase;
			buildActionMask = 2147483647;
			files = (
			);
			inputFileListPaths = (
			);
			inputPaths = (
				"${PODS_PODFILE_DIR_PATH}/Podfile.lock",
				"${PODS_ROOT}/Manifest.lock",
			);
			name = "[CP] Check Pods Manifest.lock";
			outputFileListPaths = (
			);
			outputPaths = (
				"$(DERIVED_FILE_DIR)/Pods-flix-checkManifestLockResult.txt",
			);
			runOnlyForDeploymentPostprocessing = 0;
			shellPath = /bin/sh;
			shellScript = "diff \"${PODS_PODFILE_DIR_PATH}/Podfile.lock\" \"${PODS_ROOT}/Manifest.lock\" > /dev/null\nif [ $? != 0 ] ; then\n    # print error to STDERR\n    echo \"error: The sandbox is not in sync with the Podfile.lock. Run 'pod install' or update your CocoaPods installation.\" >&2\n    exit 1\nfi\n# This output is used by Xcode 'outputs' to avoid re-running this script phase.\necho \"SUCCESS\" > \"${SCRIPT_OUTPUT_FILE_0}\"\n";
			showEnvVarsInLog = 0;
		};
		F7C913A7E8A0F3FD6A031B56 /* [CP] Check Pods Manifest.lock */ = {
			isa = PBXShellScriptBuildPhase;
			buildActionMask = 2147483647;
			files = (
			);
			inputFileListPaths = (
			);
			inputPaths = (
				"${PODS_PODFILE_DIR_PATH}/Podfile.lock",
				"${PODS_ROOT}/Manifest.lock",
			);
			name = "[CP] Check Pods Manifest.lock";
			outputFileListPaths = (
			);
			outputPaths = (
				"$(DERIVED_FILE_DIR)/Pods-flixTests-checkManifestLockResult.txt",
			);
			runOnlyForDeploymentPostprocessing = 0;
			shellPath = /bin/sh;
			shellScript = "diff \"${PODS_PODFILE_DIR_PATH}/Podfile.lock\" \"${PODS_ROOT}/Manifest.lock\" > /dev/null\nif [ $? != 0 ] ; then\n    # print error to STDERR\n    echo \"error: The sandbox is not in sync with the Podfile.lock. Run 'pod install' or update your CocoaPods installation.\" >&2\n    exit 1\nfi\n# This output is used by Xcode 'outputs' to avoid re-running this script phase.\necho \"SUCCESS\" > \"${SCRIPT_OUTPUT_FILE_0}\"\n";
			showEnvVarsInLog = 0;
		};
/* End PBXShellScriptBuildPhase section */

/* Begin PBXSourcesBuildPhase section */
		BA4520162214BAE5007CE816 /* Sources */ = {
			isa = PBXSourcesBuildPhase;
			buildActionMask = 2147483647;
			files = (
				BA85677D2223ABBD005B6261 /* MovieGridViewController.swift in Sources */,
				BABE1067221CF8310032445D /* MovieDetailsViewController.swift in Sources */,
				BA45201E2214BAE5007CE816 /* AppDelegate.swift in Sources */,
				BA2C049722193971007ACE86 /* MoviesViewController.swift in Sources */,
				BA85677F2223B1EE005B6261 /* MovieGridCell.swift in Sources */,
				BA2C049922193F88007ACE86 /* MovieTableViewCell.swift in Sources */,
			);
			runOnlyForDeploymentPostprocessing = 0;
		};
		BA45202A2214BAE8007CE816 /* Sources */ = {
			isa = PBXSourcesBuildPhase;
			buildActionMask = 2147483647;
			files = (
				BA4520332214BAE8007CE816 /* flixTests.swift in Sources */,
			);
			runOnlyForDeploymentPostprocessing = 0;
		};
		BA4520352214BAE8007CE816 /* Sources */ = {
			isa = PBXSourcesBuildPhase;
			buildActionMask = 2147483647;
			files = (
				BA45203E2214BAE8007CE816 /* flixUITests.swift in Sources */,
			);
			runOnlyForDeploymentPostprocessing = 0;
		};
/* End PBXSourcesBuildPhase section */

/* Begin PBXTargetDependency section */
		BA4520302214BAE8007CE816 /* PBXTargetDependency */ = {
			isa = PBXTargetDependency;
			target = BA4520192214BAE5007CE816 /* flix */;
			targetProxy = BA45202F2214BAE8007CE816 /* PBXContainerItemProxy */;
		};
		BA45203B2214BAE8007CE816 /* PBXTargetDependency */ = {
			isa = PBXTargetDependency;
			target = BA4520192214BAE5007CE816 /* flix */;
			targetProxy = BA45203A2214BAE8007CE816 /* PBXContainerItemProxy */;
		};
/* End PBXTargetDependency section */

/* Begin PBXVariantGroup section */
		BA4520212214BAE5007CE816 /* Main.storyboard */ = {
			isa = PBXVariantGroup;
			children = (
				BA4520222214BAE5007CE816 /* Base */,
			);
			name = Main.storyboard;
			sourceTree = "<group>";
		};
		BA4520262214BAE8007CE816 /* LaunchScreen.storyboard */ = {
			isa = PBXVariantGroup;
			children = (
				BA4520272214BAE8007CE816 /* Base */,
			);
			name = LaunchScreen.storyboard;
			sourceTree = "<group>";
		};
/* End PBXVariantGroup section */

/* Begin XCBuildConfiguration section */
		BA4520402214BAE9007CE816 /* Debug */ = {
			isa = XCBuildConfiguration;
			buildSettings = {
				ALWAYS_SEARCH_USER_PATHS = NO;
				CLANG_ANALYZER_NONNULL = YES;
				CLANG_ANALYZER_NUMBER_OBJECT_CONVERSION = YES_AGGRESSIVE;
				CLANG_CXX_LANGUAGE_STANDARD = "gnu++14";
				CLANG_CXX_LIBRARY = "libc++";
				CLANG_ENABLE_MODULES = YES;
				CLANG_ENABLE_OBJC_ARC = YES;
				CLANG_ENABLE_OBJC_WEAK = YES;
				CLANG_WARN_BLOCK_CAPTURE_AUTORELEASING = YES;
				CLANG_WARN_BOOL_CONVERSION = YES;
				CLANG_WARN_COMMA = YES;
				CLANG_WARN_CONSTANT_CONVERSION = YES;
				CLANG_WARN_DEPRECATED_OBJC_IMPLEMENTATIONS = YES;
				CLANG_WARN_DIRECT_OBJC_ISA_USAGE = YES_ERROR;
				CLANG_WARN_DOCUMENTATION_COMMENTS = YES;
				CLANG_WARN_EMPTY_BODY = YES;
				CLANG_WARN_ENUM_CONVERSION = YES;
				CLANG_WARN_INFINITE_RECURSION = YES;
				CLANG_WARN_INT_CONVERSION = YES;
				CLANG_WARN_NON_LITERAL_NULL_CONVERSION = YES;
				CLANG_WARN_OBJC_IMPLICIT_RETAIN_SELF = YES;
				CLANG_WARN_OBJC_LITERAL_CONVERSION = YES;
				CLANG_WARN_OBJC_ROOT_CLASS = YES_ERROR;
				CLANG_WARN_RANGE_LOOP_ANALYSIS = YES;
				CLANG_WARN_STRICT_PROTOTYPES = YES;
				CLANG_WARN_SUSPICIOUS_MOVE = YES;
				CLANG_WARN_UNGUARDED_AVAILABILITY = YES_AGGRESSIVE;
				CLANG_WARN_UNREACHABLE_CODE = YES;
				CLANG_WARN__DUPLICATE_METHOD_MATCH = YES;
				CODE_SIGN_IDENTITY = "iPhone Developer";
				COPY_PHASE_STRIP = NO;
				DEBUG_INFORMATION_FORMAT = dwarf;
				ENABLE_STRICT_OBJC_MSGSEND = YES;
				ENABLE_TESTABILITY = YES;
				GCC_C_LANGUAGE_STANDARD = gnu11;
				GCC_DYNAMIC_NO_PIC = NO;
				GCC_NO_COMMON_BLOCKS = YES;
				GCC_OPTIMIZATION_LEVEL = 0;
				GCC_PREPROCESSOR_DEFINITIONS = (
					"DEBUG=1",
					"$(inherited)",
				);
				GCC_WARN_64_TO_32_BIT_CONVERSION = YES;
				GCC_WARN_ABOUT_RETURN_TYPE = YES_ERROR;
				GCC_WARN_UNDECLARED_SELECTOR = YES;
				GCC_WARN_UNINITIALIZED_AUTOS = YES_AGGRESSIVE;
				GCC_WARN_UNUSED_FUNCTION = YES;
				GCC_WARN_UNUSED_VARIABLE = YES;
				IPHONEOS_DEPLOYMENT_TARGET = 12.1;
				MTL_ENABLE_DEBUG_INFO = INCLUDE_SOURCE;
				MTL_FAST_MATH = YES;
				ONLY_ACTIVE_ARCH = YES;
				SDKROOT = iphoneos;
				SWIFT_ACTIVE_COMPILATION_CONDITIONS = DEBUG;
				SWIFT_OPTIMIZATION_LEVEL = "-Onone";
			};
			name = Debug;
		};
		BA4520412214BAE9007CE816 /* Release */ = {
			isa = XCBuildConfiguration;
			buildSettings = {
				ALWAYS_SEARCH_USER_PATHS = NO;
				CLANG_ANALYZER_NONNULL = YES;
				CLANG_ANALYZER_NUMBER_OBJECT_CONVERSION = YES_AGGRESSIVE;
				CLANG_CXX_LANGUAGE_STANDARD = "gnu++14";
				CLANG_CXX_LIBRARY = "libc++";
				CLANG_ENABLE_MODULES = YES;
				CLANG_ENABLE_OBJC_ARC = YES;
				CLANG_ENABLE_OBJC_WEAK = YES;
				CLANG_WARN_BLOCK_CAPTURE_AUTORELEASING = YES;
				CLANG_WARN_BOOL_CONVERSION = YES;
				CLANG_WARN_COMMA = YES;
				CLANG_WARN_CONSTANT_CONVERSION = YES;
				CLANG_WARN_DEPRECATED_OBJC_IMPLEMENTATIONS = YES;
				CLANG_WARN_DIRECT_OBJC_ISA_USAGE = YES_ERROR;
				CLANG_WARN_DOCUMENTATION_COMMENTS = YES;
				CLANG_WARN_EMPTY_BODY = YES;
				CLANG_WARN_ENUM_CONVERSION = YES;
				CLANG_WARN_INFINITE_RECURSION = YES;
				CLANG_WARN_INT_CONVERSION = YES;
				CLANG_WARN_NON_LITERAL_NULL_CONVERSION = YES;
				CLANG_WARN_OBJC_IMPLICIT_RETAIN_SELF = YES;
				CLANG_WARN_OBJC_LITERAL_CONVERSION = YES;
				CLANG_WARN_OBJC_ROOT_CLASS = YES_ERROR;
				CLANG_WARN_RANGE_LOOP_ANALYSIS = YES;
				CLANG_WARN_STRICT_PROTOTYPES = YES;
				CLANG_WARN_SUSPICIOUS_MOVE = YES;
				CLANG_WARN_UNGUARDED_AVAILABILITY = YES_AGGRESSIVE;
				CLANG_WARN_UNREACHABLE_CODE = YES;
				CLANG_WARN__DUPLICATE_METHOD_MATCH = YES;
				CODE_SIGN_IDENTITY = "iPhone Developer";
				COPY_PHASE_STRIP = NO;
				DEBUG_INFORMATION_FORMAT = "dwarf-with-dsym";
				ENABLE_NS_ASSERTIONS = NO;
				ENABLE_STRICT_OBJC_MSGSEND = YES;
				GCC_C_LANGUAGE_STANDARD = gnu11;
				GCC_NO_COMMON_BLOCKS = YES;
				GCC_WARN_64_TO_32_BIT_CONVERSION = YES;
				GCC_WARN_ABOUT_RETURN_TYPE = YES_ERROR;
				GCC_WARN_UNDECLARED_SELECTOR = YES;
				GCC_WARN_UNINITIALIZED_AUTOS = YES_AGGRESSIVE;
				GCC_WARN_UNUSED_FUNCTION = YES;
				GCC_WARN_UNUSED_VARIABLE = YES;
				IPHONEOS_DEPLOYMENT_TARGET = 12.1;
				MTL_ENABLE_DEBUG_INFO = NO;
				MTL_FAST_MATH = YES;
				SDKROOT = iphoneos;
				SWIFT_COMPILATION_MODE = wholemodule;
				SWIFT_OPTIMIZATION_LEVEL = "-O";
				VALIDATE_PRODUCT = YES;
			};
			name = Release;
		};
		BA4520432214BAE9007CE816 /* Debug */ = {
			isa = XCBuildConfiguration;
			baseConfigurationReference = FE81592BA982A85603543BB4 /* Pods-flix.debug.xcconfig */;
			buildSettings = {
				ASSETCATALOG_COMPILER_APPICON_NAME = AppIcon;
				CODE_SIGN_STYLE = Automatic;
				INFOPLIST_FILE = flix/Info.plist;
				LD_RUNPATH_SEARCH_PATHS = (
					"$(inherited)",
					"@executable_path/Frameworks",
				);
				PRODUCT_BUNDLE_IDENTIFIER = com.codepath.flix;
				PRODUCT_NAME = "$(TARGET_NAME)";
				SWIFT_VERSION = 4.2;
				TARGETED_DEVICE_FAMILY = "1,2";
			};
			name = Debug;
		};
		BA4520442214BAE9007CE816 /* Release */ = {
			isa = XCBuildConfiguration;
			baseConfigurationReference = 8A58D4D6747B6D6CCB4F34FD /* Pods-flix.release.xcconfig */;
			buildSettings = {
				ASSETCATALOG_COMPILER_APPICON_NAME = AppIcon;
				CODE_SIGN_STYLE = Automatic;
				INFOPLIST_FILE = flix/Info.plist;
				LD_RUNPATH_SEARCH_PATHS = (
					"$(inherited)",
					"@executable_path/Frameworks",
				);
				PRODUCT_BUNDLE_IDENTIFIER = com.codepath.flix;
				PRODUCT_NAME = "$(TARGET_NAME)";
				SWIFT_VERSION = 4.2;
				TARGETED_DEVICE_FAMILY = "1,2";
			};
			name = Release;
		};
		BA4520462214BAE9007CE816 /* Debug */ = {
			isa = XCBuildConfiguration;
			baseConfigurationReference = 56B95FE9C963AE770E381580 /* Pods-flixTests.debug.xcconfig */;
			buildSettings = {
				ALWAYS_EMBED_SWIFT_STANDARD_LIBRARIES = YES;
				BUNDLE_LOADER = "$(TEST_HOST)";
				CODE_SIGN_STYLE = Automatic;
				INFOPLIST_FILE = flixTests/Info.plist;
				LD_RUNPATH_SEARCH_PATHS = (
					"$(inherited)",
					"@executable_path/Frameworks",
					"@loader_path/Frameworks",
				);
				PRODUCT_BUNDLE_IDENTIFIER = com.codepath.flixTests;
				PRODUCT_NAME = "$(TARGET_NAME)";
				SWIFT_VERSION = 4.2;
				TARGETED_DEVICE_FAMILY = "1,2";
				TEST_HOST = "$(BUILT_PRODUCTS_DIR)/flix.app/flix";
			};
			name = Debug;
		};
		BA4520472214BAE9007CE816 /* Release */ = {
			isa = XCBuildConfiguration;
			baseConfigurationReference = 2F8177E197D65A809F596E08 /* Pods-flixTests.release.xcconfig */;
			buildSettings = {
				ALWAYS_EMBED_SWIFT_STANDARD_LIBRARIES = YES;
				BUNDLE_LOADER = "$(TEST_HOST)";
				CODE_SIGN_STYLE = Automatic;
				INFOPLIST_FILE = flixTests/Info.plist;
				LD_RUNPATH_SEARCH_PATHS = (
					"$(inherited)",
					"@executable_path/Frameworks",
					"@loader_path/Frameworks",
				);
				PRODUCT_BUNDLE_IDENTIFIER = com.codepath.flixTests;
				PRODUCT_NAME = "$(TARGET_NAME)";
				SWIFT_VERSION = 4.2;
				TARGETED_DEVICE_FAMILY = "1,2";
				TEST_HOST = "$(BUILT_PRODUCTS_DIR)/flix.app/flix";
			};
			name = Release;
		};
		BA4520492214BAE9007CE816 /* Debug */ = {
			isa = XCBuildConfiguration;
			baseConfigurationReference = 21C4C78EA1BA0A63B7DC7920 /* Pods-flixUITests.debug.xcconfig */;
			buildSettings = {
				ALWAYS_EMBED_SWIFT_STANDARD_LIBRARIES = YES;
				CODE_SIGN_STYLE = Automatic;
				INFOPLIST_FILE = flixUITests/Info.plist;
				LD_RUNPATH_SEARCH_PATHS = (
					"$(inherited)",
					"@executable_path/Frameworks",
					"@loader_path/Frameworks",
				);
				PRODUCT_BUNDLE_IDENTIFIER = com.codepath.flixUITests;
				PRODUCT_NAME = "$(TARGET_NAME)";
				SWIFT_VERSION = 4.2;
				TARGETED_DEVICE_FAMILY = "1,2";
				TEST_TARGET_NAME = flix;
			};
			name = Debug;
		};
		BA45204A2214BAE9007CE816 /* Release */ = {
			isa = XCBuildConfiguration;
			baseConfigurationReference = 5AA13BF0BA92D3F8A57A316B /* Pods-flixUITests.release.xcconfig */;
			buildSettings = {
				ALWAYS_EMBED_SWIFT_STANDARD_LIBRARIES = YES;
				CODE_SIGN_STYLE = Automatic;
				INFOPLIST_FILE = flixUITests/Info.plist;
				LD_RUNPATH_SEARCH_PATHS = (
					"$(inherited)",
					"@executable_path/Frameworks",
					"@loader_path/Frameworks",
				);
				PRODUCT_BUNDLE_IDENTIFIER = com.codepath.flixUITests;
				PRODUCT_NAME = "$(TARGET_NAME)";
				SWIFT_VERSION = 4.2;
				TARGETED_DEVICE_FAMILY = "1,2";
				TEST_TARGET_NAME = flix;
			};
			name = Release;
		};
/* End XCBuildConfiguration section */

/* Begin XCConfigurationList section */
		BA4520152214BAE5007CE816 /* Build configuration list for PBXProject "flix" */ = {
			isa = XCConfigurationList;
			buildConfigurations = (
				BA4520402214BAE9007CE816 /* Debug */,
				BA4520412214BAE9007CE816 /* Release */,
			);
			defaultConfigurationIsVisible = 0;
			defaultConfigurationName = Release;
		};
		BA4520422214BAE9007CE816 /* Build configuration list for PBXNativeTarget "flix" */ = {
			isa = XCConfigurationList;
			buildConfigurations = (
				BA4520432214BAE9007CE816 /* Debug */,
				BA4520442214BAE9007CE816 /* Release */,
			);
			defaultConfigurationIsVisible = 0;
			defaultConfigurationName = Release;
		};
		BA4520452214BAE9007CE816 /* Build configuration list for PBXNativeTarget "flixTests" */ = {
			isa = XCConfigurationList;
			buildConfigurations = (
				BA4520462214BAE9007CE816 /* Debug */,
				BA4520472214BAE9007CE816 /* Release */,
			);
			defaultConfigurationIsVisible = 0;
			defaultConfigurationName = Release;
		};
		BA4520482214BAE9007CE816 /* Build configuration list for PBXNativeTarget "flixUITests" */ = {
			isa = XCConfigurationList;
			buildConfigurations = (
				BA4520492214BAE9007CE816 /* Debug */,
				BA45204A2214BAE9007CE816 /* Release */,
			);
			defaultConfigurationIsVisible = 0;
			defaultConfigurationName = Release;
		};
/* End XCConfigurationList section */
	};
	rootObject = BA4520122214BAE5007CE816 /* Project object */;
}
